// !$*UTF8*$!
{
	archiveVersion = 1;
	classes = {
	};
	objectVersion = 56;
	objects = {

/* Begin PBXBuildFile section */
		4AE67D1C2939F4CE005C685D /* AppDelegate.swift in Sources */ = {isa = PBXBuildFile; fileRef = 4AE67D1B2939F4CE005C685D /* AppDelegate.swift */; };
		4AE67D1E2939F4CE005C685D /* SceneDelegate.swift in Sources */ = {isa = PBXBuildFile; fileRef = 4AE67D1D2939F4CE005C685D /* SceneDelegate.swift */; };
		4AE67D232939F4CE005C685D /* Main.storyboard in Resources */ = {isa = PBXBuildFile; fileRef = 4AE67D212939F4CE005C685D /* Main.storyboard */; };
		4AE67D252939F4CF005C685D /* Assets.xcassets in Resources */ = {isa = PBXBuildFile; fileRef = 4AE67D242939F4CF005C685D /* Assets.xcassets */; };
		4AE67D282939F4CF005C685D /* LaunchScreen.storyboard in Resources */ = {isa = PBXBuildFile; fileRef = 4AE67D262939F4CF005C685D /* LaunchScreen.storyboard */; };
		4AE67D372939F8BA005C685D /* MainTabController.swift in Sources */ = {isa = PBXBuildFile; fileRef = 4AE67D362939F8BA005C685D /* MainTabController.swift */; };
		4AE67D392939FA2F005C685D /* FeedController.swift in Sources */ = {isa = PBXBuildFile; fileRef = 4AE67D382939FA2F005C685D /* FeedController.swift */; };
		4AE67D3B2939FAED005C685D /* ExploreController.swift in Sources */ = {isa = PBXBuildFile; fileRef = 4AE67D3A2939FAED005C685D /* ExploreController.swift */; };
		4AE67D3D2939FB4D005C685D /* NotificationsController.swift in Sources */ = {isa = PBXBuildFile; fileRef = 4AE67D3C2939FB4D005C685D /* NotificationsController.swift */; };
		4AE67D3F2939FB67005C685D /* ConversationsController.swift in Sources */ = {isa = PBXBuildFile; fileRef = 4AE67D3E2939FB67005C685D /* ConversationsController.swift */; };
		4AE67D43293A0A16005C685D /* Extensions.swift in Sources */ = {isa = PBXBuildFile; fileRef = 4AE67D42293A0A16005C685D /* Extensions.swift */; };
		4AE67D46293A0DC4005C685D /* LoginController.swift in Sources */ = {isa = PBXBuildFile; fileRef = 4AE67D45293A0DC4005C685D /* LoginController.swift */; };
		4AE67D48293A0E8E005C685D /* RegistrationController.swift in Sources */ = {isa = PBXBuildFile; fileRef = 4AE67D47293A0E8E005C685D /* RegistrationController.swift */; };
		4AE67D4A293A21B6005C685D /* Utilities.swift in Sources */ = {isa = PBXBuildFile; fileRef = 4AE67D49293A21B6005C685D /* Utilities.swift */; };
/* End PBXBuildFile section */

/* Begin PBXFileReference section */
		4AE67D182939F4CE005C685D /* Twitter Clone.app */ = {isa = PBXFileReference; explicitFileType = wrapper.application; includeInIndex = 0; path = "Twitter Clone.app"; sourceTree = BUILT_PRODUCTS_DIR; };
		4AE67D1B2939F4CE005C685D /* AppDelegate.swift */ = {isa = PBXFileReference; lastKnownFileType = sourcecode.swift; path = AppDelegate.swift; sourceTree = "<group>"; };
		4AE67D1D2939F4CE005C685D /* SceneDelegate.swift */ = {isa = PBXFileReference; lastKnownFileType = sourcecode.swift; path = SceneDelegate.swift; sourceTree = "<group>"; };
		4AE67D222939F4CE005C685D /* Base */ = {isa = PBXFileReference; lastKnownFileType = file.storyboard; name = Base; path = Base.lproj/Main.storyboard; sourceTree = "<group>"; };
		4AE67D242939F4CF005C685D /* Assets.xcassets */ = {isa = PBXFileReference; lastKnownFileType = folder.assetcatalog; path = Assets.xcassets; sourceTree = "<group>"; };
		4AE67D272939F4CF005C685D /* Base */ = {isa = PBXFileReference; lastKnownFileType = file.storyboard; name = Base; path = Base.lproj/LaunchScreen.storyboard; sourceTree = "<group>"; };
		4AE67D292939F4CF005C685D /* Info.plist */ = {isa = PBXFileReference; lastKnownFileType = text.plist.xml; path = Info.plist; sourceTree = "<group>"; };
		4AE67D362939F8BA005C685D /* MainTabController.swift */ = {isa = PBXFileReference; lastKnownFileType = sourcecode.swift; path = MainTabController.swift; sourceTree = "<group>"; };
		4AE67D382939FA2F005C685D /* FeedController.swift */ = {isa = PBXFileReference; lastKnownFileType = sourcecode.swift; path = FeedController.swift; sourceTree = "<group>"; };
		4AE67D3A2939FAED005C685D /* ExploreController.swift */ = {isa = PBXFileReference; lastKnownFileType = sourcecode.swift; path = ExploreController.swift; sourceTree = "<group>"; };
		4AE67D3C2939FB4D005C685D /* NotificationsController.swift */ = {isa = PBXFileReference; lastKnownFileType = sourcecode.swift; path = NotificationsController.swift; sourceTree = "<group>"; };
		4AE67D3E2939FB67005C685D /* ConversationsController.swift */ = {isa = PBXFileReference; lastKnownFileType = sourcecode.swift; path = ConversationsController.swift; sourceTree = "<group>"; };
		4AE67D42293A0A16005C685D /* Extensions.swift */ = {isa = PBXFileReference; fileEncoding = 4; lastKnownFileType = sourcecode.swift; name = Extensions.swift; path = ../../../../../../Downloads/Extensions.swift; sourceTree = "<group>"; };
		4AE67D45293A0DC4005C685D /* LoginController.swift */ = {isa = PBXFileReference; lastKnownFileType = sourcecode.swift; path = LoginController.swift; sourceTree = "<group>"; };
		4AE67D47293A0E8E005C685D /* RegistrationController.swift */ = {isa = PBXFileReference; lastKnownFileType = sourcecode.swift; path = RegistrationController.swift; sourceTree = "<group>"; };
		4AE67D49293A21B6005C685D /* Utilities.swift */ = {isa = PBXFileReference; lastKnownFileType = sourcecode.swift; path = Utilities.swift; sourceTree = "<group>"; };
/* End PBXFileReference section */

/* Begin PBXFrameworksBuildPhase section */
		4AE67D152939F4CE005C685D /* Frameworks */ = {
			isa = PBXFrameworksBuildPhase;
			buildActionMask = 2147483647;
			files = (
			);
			runOnlyForDeploymentPostprocessing = 0;
		};
/* End PBXFrameworksBuildPhase section */

/* Begin PBXGroup section */
		4AE67D0F2939F4CE005C685D = {
			isa = PBXGroup;
			children = (
				4AE67D1A2939F4CE005C685D /* Twitter Clone */,
				4AE67D192939F4CE005C685D /* Products */,
			);
			sourceTree = "<group>";
		};
		4AE67D192939F4CE005C685D /* Products */ = {
			isa = PBXGroup;
			children = (
				4AE67D182939F4CE005C685D /* Twitter Clone.app */,
			);
			name = Products;
			sourceTree = "<group>";
		};
		4AE67D1A2939F4CE005C685D /* Twitter Clone */ = {
			isa = PBXGroup;
			children = (
				4AE67D342939F5CB005C685D /* Model */,
				4AE67D322939F5BD005C685D /* View */,
				4AE67D312939F59D005C685D /* ViewModel */,
				4AE67D302939F599005C685D /* Controllers */,
				4AE67D2F2939F586005C685D /* API */,
				4AE67D352939F60C005C685D /* Utils */,
				4AE67D1B2939F4CE005C685D /* AppDelegate.swift */,
				4AE67D1D2939F4CE005C685D /* SceneDelegate.swift */,
				4AE67D212939F4CE005C685D /* Main.storyboard */,
				4AE67D242939F4CF005C685D /* Assets.xcassets */,
				4AE67D262939F4CF005C685D /* LaunchScreen.storyboard */,
				4AE67D292939F4CF005C685D /* Info.plist */,
			);
			path = "Twitter Clone";
			sourceTree = "<group>";
		};
		4AE67D2F2939F586005C685D /* API */ = {
			isa = PBXGroup;
			children = (
			);
			path = API;
			sourceTree = "<group>";
		};
		4AE67D302939F599005C685D /* Controllers */ = {
			isa = PBXGroup;
			children = (
				4AE67D44293A0D9F005C685D /* Authentication */,
				4AE67D362939F8BA005C685D /* MainTabController.swift */,
				4AE67D382939FA2F005C685D /* FeedController.swift */,
				4AE67D3A2939FAED005C685D /* ExploreController.swift */,
				4AE67D3C2939FB4D005C685D /* NotificationsController.swift */,
				4AE67D3E2939FB67005C685D /* ConversationsController.swift */,
			);
			path = Controllers;
			sourceTree = "<group>";
		};
		4AE67D312939F59D005C685D /* ViewModel */ = {
			isa = PBXGroup;
			children = (
			);
			path = ViewModel;
			sourceTree = "<group>";
		};
		4AE67D322939F5BD005C685D /* View */ = {
			isa = PBXGroup;
			children = (
			);
			path = View;
			sourceTree = "<group>";
		};
		4AE67D342939F5CB005C685D /* Model */ = {
			isa = PBXGroup;
			children = (
			);
			path = Model;
			sourceTree = "<group>";
		};
		4AE67D352939F60C005C685D /* Utils */ = {
			isa = PBXGroup;
			children = (
				4AE67D42293A0A16005C685D /* Extensions.swift */,
				4AE67D49293A21B6005C685D /* Utilities.swift */,
			);
			path = Utils;
			sourceTree = "<group>";
		};
		4AE67D44293A0D9F005C685D /* Authentication */ = {
			isa = PBXGroup;
			children = (
				4AE67D45293A0DC4005C685D /* LoginController.swift */,
				4AE67D47293A0E8E005C685D /* RegistrationController.swift */,
			);
			path = Authentication;
			sourceTree = "<group>";
		};
/* End PBXGroup section */

/* Begin PBXNativeTarget section */
		4AE67D172939F4CE005C685D /* Twitter Clone */ = {
			isa = PBXNativeTarget;
			buildConfigurationList = 4AE67D2C2939F4CF005C685D /* Build configuration list for PBXNativeTarget "Twitter Clone" */;
			buildPhases = (
				4AE67D142939F4CE005C685D /* Sources */,
				4AE67D152939F4CE005C685D /* Frameworks */,
				4AE67D162939F4CE005C685D /* Resources */,
			);
			buildRules = (
			);
			dependencies = (
			);
			name = "Twitter Clone";
			productName = "Twitter Clone";
			productReference = 4AE67D182939F4CE005C685D /* Twitter Clone.app */;
			productType = "com.apple.product-type.application";
		};
/* End PBXNativeTarget section */

/* Begin PBXProject section */
		4AE67D102939F4CE005C685D /* Project object */ = {
			isa = PBXProject;
			attributes = {
				BuildIndependentTargetsInParallel = 1;
				LastSwiftUpdateCheck = 1410;
				LastUpgradeCheck = 1410;
				TargetAttributes = {
					4AE67D172939F4CE005C685D = {
						CreatedOnToolsVersion = 14.1;
					};
				};
			};
			buildConfigurationList = 4AE67D132939F4CE005C685D /* Build configuration list for PBXProject "Twitter Clone" */;
			compatibilityVersion = "Xcode 14.0";
			developmentRegion = en;
			hasScannedForEncodings = 0;
			knownRegions = (
				en,
				Base,
			);
			mainGroup = 4AE67D0F2939F4CE005C685D;
			productRefGroup = 4AE67D192939F4CE005C685D /* Products */;
			projectDirPath = "";
			projectRoot = "";
			targets = (
				4AE67D172939F4CE005C685D /* Twitter Clone */,
			);
		};
/* End PBXProject section */

/* Begin PBXResourcesBuildPhase section */
		4AE67D162939F4CE005C685D /* Resources */ = {
			isa = PBXResourcesBuildPhase;
			buildActionMask = 2147483647;
			files = (
				4AE67D282939F4CF005C685D /* LaunchScreen.storyboard in Resources */,
				4AE67D252939F4CF005C685D /* Assets.xcassets in Resources */,
				4AE67D232939F4CE005C685D /* Main.storyboard in Resources */,
			);
			runOnlyForDeploymentPostprocessing = 0;
		};
/* End PBXResourcesBuildPhase section */

/* Begin PBXSourcesBuildPhase section */
		4AE67D142939F4CE005C685D /* Sources */ = {
			isa = PBXSourcesBuildPhase;
			buildActionMask = 2147483647;
			files = (
				4AE67D3D2939FB4D005C685D /* NotificationsController.swift in Sources */,
				4AE67D43293A0A16005C685D /* Extensions.swift in Sources */,
				4AE67D4A293A21B6005C685D /* Utilities.swift in Sources */,
				4AE67D3F2939FB67005C685D /* ConversationsController.swift in Sources */,
				4AE67D46293A0DC4005C685D /* LoginController.swift in Sources */,
				4AE67D3B2939FAED005C685D /* ExploreController.swift in Sources */,
				4AE67D1C2939F4CE005C685D /* AppDelegate.swift in Sources */,
				4AE67D372939F8BA005C685D /* MainTabController.swift in Sources */,
				4AE67D1E2939F4CE005C685D /* SceneDelegate.swift in Sources */,
				4AE67D48293A0E8E005C685D /* RegistrationController.swift in Sources */,
				4AE67D392939FA2F005C685D /* FeedController.swift in Sources */,
			);
			runOnlyForDeploymentPostprocessing = 0;
		};
/* End PBXSourcesBuildPhase section */

/* Begin PBXVariantGroup section */
		4AE67D212939F4CE005C685D /* Main.storyboard */ = {
			isa = PBXVariantGroup;
			children = (
				4AE67D222939F4CE005C685D /* Base */,
			);
			name = Main.storyboard;
			sourceTree = "<group>";
		};
		4AE67D262939F4CF005C685D /* LaunchScreen.storyboard */ = {
			isa = PBXVariantGroup;
			children = (
				4AE67D272939F4CF005C685D /* Base */,
			);
			name = LaunchScreen.storyboard;
			sourceTree = "<group>";
		};
/* End PBXVariantGroup section */

/* Begin XCBuildConfiguration section */
		4AE67D2A2939F4CF005C685D /* Debug */ = {
			isa = XCBuildConfiguration;
			buildSettings = {
				ALWAYS_SEARCH_USER_PATHS = NO;
				CLANG_ANALYZER_NONNULL = YES;
				CLANG_ANALYZER_NUMBER_OBJECT_CONVERSION = YES_AGGRESSIVE;
				CLANG_CXX_LANGUAGE_STANDARD = "gnu++20";
				CLANG_ENABLE_MODULES = YES;
				CLANG_ENABLE_OBJC_ARC = YES;
				CLANG_ENABLE_OBJC_WEAK = YES;
				CLANG_WARN_BLOCK_CAPTURE_AUTORELEASING = YES;
				CLANG_WARN_BOOL_CONVERSION = YES;
				CLANG_WARN_COMMA = YES;
				CLANG_WARN_CONSTANT_CONVERSION = YES;
				CLANG_WARN_DEPRECATED_OBJC_IMPLEMENTATIONS = YES;
				CLANG_WARN_DIRECT_OBJC_ISA_USAGE = YES_ERROR;
				CLANG_WARN_DOCUMENTATION_COMMENTS = YES;
				CLANG_WARN_EMPTY_BODY = YES;
				CLANG_WARN_ENUM_CONVERSION = YES;
				CLANG_WARN_INFINITE_RECURSION = YES;
				CLANG_WARN_INT_CONVERSION = YES;
				CLANG_WARN_NON_LITERAL_NULL_CONVERSION = YES;
				CLANG_WARN_OBJC_IMPLICIT_RETAIN_SELF = YES;
				CLANG_WARN_OBJC_LITERAL_CONVERSION = YES;
				CLANG_WARN_OBJC_ROOT_CLASS = YES_ERROR;
				CLANG_WARN_QUOTED_INCLUDE_IN_FRAMEWORK_HEADER = YES;
				CLANG_WARN_RANGE_LOOP_ANALYSIS = YES;
				CLANG_WARN_STRICT_PROTOTYPES = YES;
				CLANG_WARN_SUSPICIOUS_MOVE = YES;
				CLANG_WARN_UNGUARDED_AVAILABILITY = YES_AGGRESSIVE;
				CLANG_WARN_UNREACHABLE_CODE = YES;
				CLANG_WARN__DUPLICATE_METHOD_MATCH = YES;
				COPY_PHASE_STRIP = NO;
				DEBUG_INFORMATION_FORMAT = dwarf;
				ENABLE_STRICT_OBJC_MSGSEND = YES;
				ENABLE_TESTABILITY = YES;
				GCC_C_LANGUAGE_STANDARD = gnu11;
				GCC_DYNAMIC_NO_PIC = NO;
				GCC_NO_COMMON_BLOCKS = YES;
				GCC_OPTIMIZATION_LEVEL = 0;
				GCC_PREPROCESSOR_DEFINITIONS = (
					"DEBUG=1",
					"$(inherited)",
				);
				GCC_WARN_64_TO_32_BIT_CONVERSION = YES;
				GCC_WARN_ABOUT_RETURN_TYPE = YES_ERROR;
				GCC_WARN_UNDECLARED_SELECTOR = YES;
				GCC_WARN_UNINITIALIZED_AUTOS = YES_AGGRESSIVE;
				GCC_WARN_UNUSED_FUNCTION = YES;
				GCC_WARN_UNUSED_VARIABLE = YES;
				IPHONEOS_DEPLOYMENT_TARGET = 16.1;
				MTL_ENABLE_DEBUG_INFO = INCLUDE_SOURCE;
				MTL_FAST_MATH = YES;
				ONLY_ACTIVE_ARCH = YES;
				SDKROOT = iphoneos;
				SWIFT_ACTIVE_COMPILATION_CONDITIONS = DEBUG;
				SWIFT_OPTIMIZATION_LEVEL = "-Onone";
			};
			name = Debug;
		};
		4AE67D2B2939F4CF005C685D /* Release */ = {
			isa = XCBuildConfiguration;
			buildSettings = {
				ALWAYS_SEARCH_USER_PATHS = NO;
				CLANG_ANALYZER_NONNULL = YES;
				CLANG_ANALYZER_NUMBER_OBJECT_CONVERSION = YES_AGGRESSIVE;
				CLANG_CXX_LANGUAGE_STANDARD = "gnu++20";
				CLANG_ENABLE_MODULES = YES;
				CLANG_ENABLE_OBJC_ARC = YES;
				CLANG_ENABLE_OBJC_WEAK = YES;
				CLANG_WARN_BLOCK_CAPTURE_AUTORELEASING = YES;
				CLANG_WARN_BOOL_CONVERSION = YES;
				CLANG_WARN_COMMA = YES;
				CLANG_WARN_CONSTANT_CONVERSION = YES;
				CLANG_WARN_DEPRECATED_OBJC_IMPLEMENTATIONS = YES;
				CLANG_WARN_DIRECT_OBJC_ISA_USAGE = YES_ERROR;
				CLANG_WARN_DOCUMENTATION_COMMENTS = YES;
				CLANG_WARN_EMPTY_BODY = YES;
				CLANG_WARN_ENUM_CONVERSION = YES;
				CLANG_WARN_INFINITE_RECURSION = YES;
				CLANG_WARN_INT_CONVERSION = YES;
				CLANG_WARN_NON_LITERAL_NULL_CONVERSION = YES;
				CLANG_WARN_OBJC_IMPLICIT_RETAIN_SELF = YES;
				CLANG_WARN_OBJC_LITERAL_CONVERSION = YES;
				CLANG_WARN_OBJC_ROOT_CLASS = YES_ERROR;
				CLANG_WARN_QUOTED_INCLUDE_IN_FRAMEWORK_HEADER = YES;
				CLANG_WARN_RANGE_LOOP_ANALYSIS = YES;
				CLANG_WARN_STRICT_PROTOTYPES = YES;
				CLANG_WARN_SUSPICIOUS_MOVE = YES;
				CLANG_WARN_UNGUARDED_AVAILABILITY = YES_AGGRESSIVE;
				CLANG_WARN_UNREACHABLE_CODE = YES;
				CLANG_WARN__DUPLICATE_METHOD_MATCH = YES;
				COPY_PHASE_STRIP = NO;
				DEBUG_INFORMATION_FORMAT = "dwarf-with-dsym";
				ENABLE_NS_ASSERTIONS = NO;
				ENABLE_STRICT_OBJC_MSGSEND = YES;
				GCC_C_LANGUAGE_STANDARD = gnu11;
				GCC_NO_COMMON_BLOCKS = YES;
				GCC_WARN_64_TO_32_BIT_CONVERSION = YES;
				GCC_WARN_ABOUT_RETURN_TYPE = YES_ERROR;
				GCC_WARN_UNDECLARED_SELECTOR = YES;
				GCC_WARN_UNINITIALIZED_AUTOS = YES_AGGRESSIVE;
				GCC_WARN_UNUSED_FUNCTION = YES;
				GCC_WARN_UNUSED_VARIABLE = YES;
				IPHONEOS_DEPLOYMENT_TARGET = 16.1;
				MTL_ENABLE_DEBUG_INFO = NO;
				MTL_FAST_MATH = YES;
				SDKROOT = iphoneos;
				SWIFT_COMPILATION_MODE = wholemodule;
				SWIFT_OPTIMIZATION_LEVEL = "-O";
				VALIDATE_PRODUCT = YES;
			};
			name = Release;
		};
		4AE67D2D2939F4CF005C685D /* Debug */ = {
			isa = XCBuildConfiguration;
			buildSettings = {
				ASSETCATALOG_COMPILER_APPICON_NAME = AppIcon;
				ASSETCATALOG_COMPILER_GLOBAL_ACCENT_COLOR_NAME = AccentColor;
				CODE_SIGN_STYLE = Automatic;
				CURRENT_PROJECT_VERSION = 1;
				GENERATE_INFOPLIST_FILE = YES;
				INFOPLIST_FILE = "Twitter Clone/Info.plist";
				INFOPLIST_KEY_UIApplicationSupportsIndirectInputEvents = YES;
				INFOPLIST_KEY_UILaunchStoryboardName = LaunchScreen;
				INFOPLIST_KEY_UIMainStoryboardFile = Main;
				INFOPLIST_KEY_UISupportedInterfaceOrientations_iPad = "UIInterfaceOrientationPortrait UIInterfaceOrientationPortraitUpsideDown UIInterfaceOrientationLandscapeLeft UIInterfaceOrientationLandscapeRight";
				INFOPLIST_KEY_UISupportedInterfaceOrientations_iPhone = "UIInterfaceOrientationPortrait UIInterfaceOrientationLandscapeLeft UIInterfaceOrientationLandscapeRight";
				LD_RUNPATH_SEARCH_PATHS = (
					"$(inherited)",
					"@executable_path/Frameworks",
				);
				MARKETING_VERSION = 1.0;
				PRODUCT_BUNDLE_IDENTIFIER = "matt.Twitter-Clone";
				PRODUCT_NAME = "$(TARGET_NAME)";
				SWIFT_EMIT_LOC_STRINGS = YES;
				SWIFT_VERSION = 5.0;
				TARGETED_DEVICE_FAMILY = "1,2";
			};
			name = Debug;
		};
		4AE67D2E2939F4CF005C685D /* Release */ = {
			isa = XCBuildConfiguration;
			buildSettings = {
				ASSETCATALOG_COMPILER_APPICON_NAME = AppIcon;
				ASSETCATALOG_COMPILER_GLOBAL_ACCENT_COLOR_NAME = AccentColor;
				CODE_SIGN_STYLE = Automatic;
				CURRENT_PROJECT_VERSION = 1;
				GENERATE_INFOPLIST_FILE = YES;
				INFOPLIST_FILE = "Twitter Clone/Info.plist";
				INFOPLIST_KEY_UIApplicationSupportsIndirectInputEvents = YES;
				INFOPLIST_KEY_UILaunchStoryboardName = LaunchScreen;
				INFOPLIST_KEY_UIMainStoryboardFile = Main;
				INFOPLIST_KEY_UISupportedInterfaceOrientations_iPad = "UIInterfaceOrientationPortrait UIInterfaceOrientationPortraitUpsideDown UIInterfaceOrientationLandscapeLeft UIInterfaceOrientationLandscapeRight";
				INFOPLIST_KEY_UISupportedInterfaceOrientations_iPhone = "UIInterfaceOrientationPortrait UIInterfaceOrientationLandscapeLeft UIInterfaceOrientationLandscapeRight";
				LD_RUNPATH_SEARCH_PATHS = (
					"$(inherited)",
					"@executable_path/Frameworks",
				);
				MARKETING_VERSION = 1.0;
				PRODUCT_BUNDLE_IDENTIFIER = "matt.Twitter-Clone";
				PRODUCT_NAME = "$(TARGET_NAME)";
				SWIFT_EMIT_LOC_STRINGS = YES;
				SWIFT_VERSION = 5.0;
				TARGETED_DEVICE_FAMILY = "1,2";
			};
			name = Release;
		};
/* End XCBuildConfiguration section */

/* Begin XCConfigurationList section */
		4AE67D132939F4CE005C685D /* Build configuration list for PBXProject "Twitter Clone" */ = {
			isa = XCConfigurationList;
			buildConfigurations = (
				4AE67D2A2939F4CF005C685D /* Debug */,
				4AE67D2B2939F4CF005C685D /* Release */,
			);
			defaultConfigurationIsVisible = 0;
			defaultConfigurationName = Release;
		};
		4AE67D2C2939F4CF005C685D /* Build configuration list for PBXNativeTarget "Twitter Clone" */ = {
			isa = XCConfigurationList;
			buildConfigurations = (
				4AE67D2D2939F4CF005C685D /* Debug */,
				4AE67D2E2939F4CF005C685D /* Release */,
			);
			defaultConfigurationIsVisible = 0;
			defaultConfigurationName = Release;
		};
/* End XCConfigurationList section */
	};
	rootObject = 4AE67D102939F4CE005C685D /* Project object */;
}
